
Microsoft Visual Studio Solution File, Format Version 12.00
# Visual Studio Version 17
VisualStudioVersion = 17.11.35327.3
MinimumVisualStudioVersion = 10.0.40219.1
Project("{FAE04EC0-301F-11D3-BF4B-00C04F79EFBC}") = "EjercicioAbstraccion", "EjercicioAbstraccion\EjercicioAbstraccion.csproj", "{6128D770-633E-40DE-8298-BE896A2F0290}"
EndProject
Global
	GlobalSection(SolutionConfigurationPlatforms) = preSolution
		Debug|Any CPU = Debug|Any CPU
		Release|Any CPU = Release|Any CPU
	EndGlobalSection
	GlobalSection(ProjectConfigurationPlatforms) = postSolution
		{6128D770-633E-40DE-8298-BE896A2F0290}.Debug|Any CPU.ActiveCfg = Debug|Any CPU
		{6128D770-633E-40DE-8298-BE896A2F0290}.Debug|Any CPU.Build.0 = Debug|Any CPU
		{6128D770-633E-40DE-8298-BE896A2F0290}.Release|Any CPU.ActiveCfg = Release|Any CPU
		{6128D770-633E-40DE-8298-BE896A2F0290}.Release|Any CPU.Build.0 = Release|Any CPU
	EndGlobalSection
	GlobalSection(SolutionProperties) = preSolution
		HideSolutionNode = FALSE
	EndGlobalSection
	GlobalSection(ExtensibilityGlobals) = postSolution
		SolutionGuid = {B037DDB1-C83A-4F91-BB56-0C483B80D1CB}
	EndGlobalSection
EndGlobal
